// !$*UTF8*$!
{
	archiveVersion = 1;
	classes = {
	};
	objectVersion = 55;
	objects = {

/* Begin PBXBuildFile section */
		158066E9274F5AAC0074626F /* DemoApp.swift in Sources */ = {isa = PBXBuildFile; fileRef = 158066E8274F5AAC0074626F /* DemoApp.swift */; };
		158066EB274F5AAC0074626F /* ContentView.swift in Sources */ = {isa = PBXBuildFile; fileRef = 158066EA274F5AAC0074626F /* ContentView.swift */; };
		158066ED274F5AB00074626F /* Assets.xcassets in Resources */ = {isa = PBXBuildFile; fileRef = 158066EC274F5AB00074626F /* Assets.xcassets */; };
		158066F0274F5AB00074626F /* Preview Assets.xcassets in Resources */ = {isa = PBXBuildFile; fileRef = 158066EF274F5AB00074626F /* Preview Assets.xcassets */; };
		158066F2274F5AB00074626F /* Persistence.swift in Sources */ = {isa = PBXBuildFile; fileRef = 158066F1274F5AB00074626F /* Persistence.swift */; };
		158066F5274F5AB00074626F /* Demo.xcdatamodeld in Sources */ = {isa = PBXBuildFile; fileRef = 158066F3274F5AB00074626F /* Demo.xcdatamodeld */; };
		158066FF274F5AB00074626F /* DemoTests.swift in Sources */ = {isa = PBXBuildFile; fileRef = 158066FE274F5AB00074626F /* DemoTests.swift */; };
		15806709274F5AB00074626F /* DemoUITests.swift in Sources */ = {isa = PBXBuildFile; fileRef = 15806708274F5AB00074626F /* DemoUITests.swift */; };
		1580670B274F5AB00074626F /* DemoUITestsLaunchTests.swift in Sources */ = {isa = PBXBuildFile; fileRef = 1580670A274F5AB00074626F /* DemoUITestsLaunchTests.swift */; };
		158C185A2751FCA20015E561 /* loginView.swift in Sources */ = {isa = PBXBuildFile; fileRef = 158C18592751FCA20015E561 /* loginView.swift */; };
		158C185E275213020015E561 /* videos.mp4 in Resources */ = {isa = PBXBuildFile; fileRef = 158C185D275213020015E561 /* videos.mp4 */; };
/* End PBXBuildFile section */

/* Begin PBXContainerItemProxy section */
		158066FB274F5AB00074626F /* PBXContainerItemProxy */ = {
			isa = PBXContainerItemProxy;
			containerPortal = 158066DD274F5AAC0074626F /* Project object */;
			proxyType = 1;
			remoteGlobalIDString = 158066E4274F5AAC0074626F;
			remoteInfo = Demo;
		};
		15806705274F5AB00074626F /* PBXContainerItemProxy */ = {
			isa = PBXContainerItemProxy;
			containerPortal = 158066DD274F5AAC0074626F /* Project object */;
			proxyType = 1;
			remoteGlobalIDString = 158066E4274F5AAC0074626F;
			remoteInfo = Demo;
		};
/* End PBXContainerItemProxy section */

/* Begin PBXFileReference section */
		158066E5274F5AAC0074626F /* Demo.app */ = {isa = PBXFileReference; explicitFileType = wrapper.application; includeInIndex = 0; path = Demo.app; sourceTree = BUILT_PRODUCTS_DIR; };
		158066E8274F5AAC0074626F /* DemoApp.swift */ = {isa = PBXFileReference; lastKnownFileType = sourcecode.swift; path = DemoApp.swift; sourceTree = "<group>"; };
		158066EA274F5AAC0074626F /* ContentView.swift */ = {isa = PBXFileReference; lastKnownFileType = sourcecode.swift; path = ContentView.swift; sourceTree = "<group>"; };
		158066EC274F5AB00074626F /* Assets.xcassets */ = {isa = PBXFileReference; lastKnownFileType = folder.assetcatalog; path = Assets.xcassets; sourceTree = "<group>"; };
		158066EF274F5AB00074626F /* Preview Assets.xcassets */ = {isa = PBXFileReference; lastKnownFileType = folder.assetcatalog; path = "Preview Assets.xcassets"; sourceTree = "<group>"; };
		158066F1274F5AB00074626F /* Persistence.swift */ = {isa = PBXFileReference; lastKnownFileType = sourcecode.swift; path = Persistence.swift; sourceTree = "<group>"; };
		158066F4274F5AB00074626F /* Demo.xcdatamodel */ = {isa = PBXFileReference; lastKnownFileType = wrapper.xcdatamodel; path = Demo.xcdatamodel; sourceTree = "<group>"; };
		158066FA274F5AB00074626F /* DemoTests.xctest */ = {isa = PBXFileReference; explicitFileType = wrapper.cfbundle; includeInIndex = 0; path = DemoTests.xctest; sourceTree = BUILT_PRODUCTS_DIR; };
		158066FE274F5AB00074626F /* DemoTests.swift */ = {isa = PBXFileReference; lastKnownFileType = sourcecode.swift; path = DemoTests.swift; sourceTree = "<group>"; };
		15806704274F5AB00074626F /* DemoUITests.xctest */ = {isa = PBXFileReference; explicitFileType = wrapper.cfbundle; includeInIndex = 0; path = DemoUITests.xctest; sourceTree = BUILT_PRODUCTS_DIR; };
		15806708274F5AB00074626F /* DemoUITests.swift */ = {isa = PBXFileReference; lastKnownFileType = sourcecode.swift; path = DemoUITests.swift; sourceTree = "<group>"; };
		1580670A274F5AB00074626F /* DemoUITestsLaunchTests.swift */ = {isa = PBXFileReference; lastKnownFileType = sourcecode.swift; path = DemoUITestsLaunchTests.swift; sourceTree = "<group>"; };
		158C18592751FCA20015E561 /* loginView.swift */ = {isa = PBXFileReference; lastKnownFileType = sourcecode.swift; path = loginView.swift; sourceTree = "<group>"; };
		158C185B275212B80015E561 /* Animation # Photo & Video # Background Themes.mp4 */ = {isa = PBXFileReference; lastKnownFileType = file; path = "Animation # Photo & Video # Background Themes.mp4"; sourceTree = "<group>"; };
		158C185D275213020015E561 /* videos.mp4 */ = {isa = PBXFileReference; lastKnownFileType = file; name = videos.mp4; path = ../../Downloads/videos.mp4; sourceTree = "<group>"; };
/* End PBXFileReference section */

/* Begin PBXFrameworksBuildPhase section */
		158066E2274F5AAC0074626F /* Frameworks */ = {
			isa = PBXFrameworksBuildPhase;
			buildActionMask = 2147483647;
			files = (
			);
			runOnlyForDeploymentPostprocessing = 0;
		};
		158066F7274F5AB00074626F /* Frameworks */ = {
			isa = PBXFrameworksBuildPhase;
			buildActionMask = 2147483647;
			files = (
			);
			runOnlyForDeploymentPostprocessing = 0;
		};
		15806701274F5AB00074626F /* Frameworks */ = {
			isa = PBXFrameworksBuildPhase;
			buildActionMask = 2147483647;
			files = (
			);
			runOnlyForDeploymentPostprocessing = 0;
		};
/* End PBXFrameworksBuildPhase section */

/* Begin PBXGroup section */
		158066DC274F5AAC0074626F = {
			isa = PBXGroup;
			children = (
				158C185D275213020015E561 /* videos.mp4 */,
				158C185B275212B80015E561 /* Animation # Photo & Video # Background Themes.mp4 */,
				158066E7274F5AAC0074626F /* Demo */,
				158066FD274F5AB00074626F /* DemoTests */,
				15806707274F5AB00074626F /* DemoUITests */,
				158066E6274F5AAC0074626F /* Products */,
			);
			sourceTree = "<group>";
		};
		158066E6274F5AAC0074626F /* Products */ = {
			isa = PBXGroup;
			children = (
				158066E5274F5AAC0074626F /* Demo.app */,
				158066FA274F5AB00074626F /* DemoTests.xctest */,
				15806704274F5AB00074626F /* DemoUITests.xctest */,
			);
			name = Products;
			sourceTree = "<group>";
		};
		158066E7274F5AAC0074626F /* Demo */ = {
			isa = PBXGroup;
			children = (
				158066E8274F5AAC0074626F /* DemoApp.swift */,
				158066EA274F5AAC0074626F /* ContentView.swift */,
				158C18592751FCA20015E561 /* loginView.swift */,
				158066EC274F5AB00074626F /* Assets.xcassets */,
				158066F1274F5AB00074626F /* Persistence.swift */,
				158066F3274F5AB00074626F /* Demo.xcdatamodeld */,
				158066EE274F5AB00074626F /* Preview Content */,
			);
			path = Demo;
			sourceTree = "<group>";
		};
		158066EE274F5AB00074626F /* Preview Content */ = {
			isa = PBXGroup;
			children = (
				158066EF274F5AB00074626F /* Preview Assets.xcassets */,
			);
			path = "Preview Content";
			sourceTree = "<group>";
		};
		158066FD274F5AB00074626F /* DemoTests */ = {
			isa = PBXGroup;
			children = (
				158066FE274F5AB00074626F /* DemoTests.swift */,
			);
			path = DemoTests;
			sourceTree = "<group>";
		};
		15806707274F5AB00074626F /* DemoUITests */ = {
			isa = PBXGroup;
			children = (
				15806708274F5AB00074626F /* DemoUITests.swift */,
				1580670A274F5AB00074626F /* DemoUITestsLaunchTests.swift */,
			);
			path = DemoUITests;
			sourceTree = "<group>";
		};
/* End PBXGroup section */

/* Begin PBXNativeTarget section */
		158066E4274F5AAC0074626F /* Demo */ = {
			isa = PBXNativeTarget;
			buildConfigurationList = 1580670E274F5AB00074626F /* Build configuration list for PBXNativeTarget "Demo" */;
			buildPhases = (
				158066E1274F5AAC0074626F /* Sources */,
				158066E2274F5AAC0074626F /* Frameworks */,
				158066E3274F5AAC0074626F /* Resources */,
			);
			buildRules = (
			);
			dependencies = (
			);
			name = Demo;
			productName = Demo;
			productReference = 158066E5274F5AAC0074626F /* Demo.app */;
			productType = "com.apple.product-type.application";
		};
		158066F9274F5AB00074626F /* DemoTests */ = {
			isa = PBXNativeTarget;
			buildConfigurationList = 15806711274F5AB00074626F /* Build configuration list for PBXNativeTarget "DemoTests" */;
			buildPhases = (
				158066F6274F5AB00074626F /* Sources */,
				158066F7274F5AB00074626F /* Frameworks */,
				158066F8274F5AB00074626F /* Resources */,
			);
			buildRules = (
			);
			dependencies = (
				158066FC274F5AB00074626F /* PBXTargetDependency */,
			);
			name = DemoTests;
			productName = DemoTests;
			productReference = 158066FA274F5AB00074626F /* DemoTests.xctest */;
			productType = "com.apple.product-type.bundle.unit-test";
		};
		15806703274F5AB00074626F /* DemoUITests */ = {
			isa = PBXNativeTarget;
			buildConfigurationList = 15806714274F5AB00074626F /* Build configuration list for PBXNativeTarget "DemoUITests" */;
			buildPhases = (
				15806700274F5AB00074626F /* Sources */,
				15806701274F5AB00074626F /* Frameworks */,
				15806702274F5AB00074626F /* Resources */,
			);
			buildRules = (
			);
			dependencies = (
				15806706274F5AB00074626F /* PBXTargetDependency */,
			);
			name = DemoUITests;
			productName = DemoUITests;
			productReference = 15806704274F5AB00074626F /* DemoUITests.xctest */;
			productType = "com.apple.product-type.bundle.ui-testing";
		};
/* End PBXNativeTarget section */

/* Begin PBXProject section */
		158066DD274F5AAC0074626F /* Project object */ = {
			isa = PBXProject;
			attributes = {
				BuildIndependentTargetsInParallel = 1;
				LastSwiftUpdateCheck = 1310;
				LastUpgradeCheck = 1310;
				TargetAttributes = {
					158066E4274F5AAC0074626F = {
						CreatedOnToolsVersion = 13.1;
					};
					158066F9274F5AB00074626F = {
						CreatedOnToolsVersion = 13.1;
						TestTargetID = 158066E4274F5AAC0074626F;
					};
					15806703274F5AB00074626F = {
						CreatedOnToolsVersion = 13.1;
						TestTargetID = 158066E4274F5AAC0074626F;
					};
				};
			};
			buildConfigurationList = 158066E0274F5AAC0074626F /* Build configuration list for PBXProject "Demo" */;
			compatibilityVersion = "Xcode 13.0";
			developmentRegion = en;
			hasScannedForEncodings = 0;
			knownRegions = (
				en,
				Base,
			);
			mainGroup = 158066DC274F5AAC0074626F;
			productRefGroup = 158066E6274F5AAC0074626F /* Products */;
			projectDirPath = "";
			projectRoot = "";
			targets = (
				158066E4274F5AAC0074626F /* Demo */,
				158066F9274F5AB00074626F /* DemoTests */,
				15806703274F5AB00074626F /* DemoUITests */,
			);
		};
/* End PBXProject section */

/* Begin PBXResourcesBuildPhase section */
		158066E3274F5AAC0074626F /* Resources */ = {
			isa = PBXResourcesBuildPhase;
			buildActionMask = 2147483647;
			files = (
				158C185E275213020015E561 /* videos.mp4 in Resources */,
				158066F0274F5AB00074626F /* Preview Assets.xcassets in Resources */,
				158066ED274F5AB00074626F /* Assets.xcassets in Resources */,
			);
			runOnlyForDeploymentPostprocessing = 0;
		};
		158066F8274F5AB00074626F /* Resources */ = {
			isa = PBXResourcesBuildPhase;
			buildActionMask = 2147483647;
			files = (
			);
			runOnlyForDeploymentPostprocessing = 0;
		};
		15806702274F5AB00074626F /* Resources */ = {
			isa = PBXResourcesBuildPhase;
			buildActionMask = 2147483647;
			files = (
			);
			runOnlyForDeploymentPostprocessing = 0;
		};
/* End PBXResourcesBuildPhase section */

/* Begin PBXSourcesBuildPhase section */
		158066E1274F5AAC0074626F /* Sources */ = {
			isa = PBXSourcesBuildPhase;
			buildActionMask = 2147483647;
			files = (
				158066F2274F5AB00074626F /* Persistence.swift in Sources */,
				158066EB274F5AAC0074626F /* ContentView.swift in Sources */,
				158C185A2751FCA20015E561 /* loginView.swift in Sources */,
				158066F5274F5AB00074626F /* Demo.xcdatamodeld in Sources */,
				158066E9274F5AAC0074626F /* DemoApp.swift in Sources */,
			);
			runOnlyForDeploymentPostprocessing = 0;
		};
		158066F6274F5AB00074626F /* Sources */ = {
			isa = PBXSourcesBuildPhase;
			buildActionMask = 2147483647;
			files = (
				158066FF274F5AB00074626F /* DemoTests.swift in Sources */,
			);
			runOnlyForDeploymentPostprocessing = 0;
		};
		15806700274F5AB00074626F /* Sources */ = {
			isa = PBXSourcesBuildPhase;
			buildActionMask = 2147483647;
			files = (
				15806709274F5AB00074626F /* DemoUITests.swift in Sources */,
				1580670B274F5AB00074626F /* DemoUITestsLaunchTests.swift in Sources */,
			);
			runOnlyForDeploymentPostprocessing = 0;
		};
/* End PBXSourcesBuildPhase section */

/* Begin PBXTargetDependency section */
		158066FC274F5AB00074626F /* PBXTargetDependency */ = {
			isa = PBXTargetDependency;
			target = 158066E4274F5AAC0074626F /* Demo */;
			targetProxy = 158066FB274F5AB00074626F /* PBXContainerItemProxy */;
		};
		15806706274F5AB00074626F /* PBXTargetDependency */ = {
			isa = PBXTargetDependency;
			target = 158066E4274F5AAC0074626F /* Demo */;
			targetProxy = 15806705274F5AB00074626F /* PBXContainerItemProxy */;
		};
/* End PBXTargetDependency section */

/* Begin XCBuildConfiguration section */
		1580670C274F5AB00074626F /* Debug */ = {
			isa = XCBuildConfiguration;
			buildSettings = {
				ALWAYS_SEARCH_USER_PATHS = NO;
				CLANG_ANALYZER_NONNULL = YES;
				CLANG_ANALYZER_NUMBER_OBJECT_CONVERSION = YES_AGGRESSIVE;
				CLANG_CXX_LANGUAGE_STANDARD = "gnu++17";
				CLANG_CXX_LIBRARY = "libc++";
				CLANG_ENABLE_MODULES = YES;
				CLANG_ENABLE_OBJC_ARC = YES;
				CLANG_ENABLE_OBJC_WEAK = YES;
				CLANG_WARN_BLOCK_CAPTURE_AUTORELEASING = YES;
				CLANG_WARN_BOOL_CONVERSION = YES;
				CLANG_WARN_COMMA = YES;
				CLANG_WARN_CONSTANT_CONVERSION = YES;
				CLANG_WARN_DEPRECATED_OBJC_IMPLEMENTATIONS = YES;
				CLANG_WARN_DIRECT_OBJC_ISA_USAGE = YES_ERROR;
				CLANG_WARN_DOCUMENTATION_COMMENTS = YES;
				CLANG_WARN_EMPTY_BODY = YES;
				CLANG_WARN_ENUM_CONVERSION = YES;
				CLANG_WARN_INFINITE_RECURSION = YES;
				CLANG_WARN_INT_CONVERSION = YES;
				CLANG_WARN_NON_LITERAL_NULL_CONVERSION = YES;
				CLANG_WARN_OBJC_IMPLICIT_RETAIN_SELF = YES;
				CLANG_WARN_OBJC_LITERAL_CONVERSION = YES;
				CLANG_WARN_OBJC_ROOT_CLASS = YES_ERROR;
				CLANG_WARN_QUOTED_INCLUDE_IN_FRAMEWORK_HEADER = YES;
				CLANG_WARN_RANGE_LOOP_ANALYSIS = YES;
				CLANG_WARN_STRICT_PROTOTYPES = YES;
				CLANG_WARN_SUSPICIOUS_MOVE = YES;
				CLANG_WARN_UNGUARDED_AVAILABILITY = YES_AGGRESSIVE;
				CLANG_WARN_UNREACHABLE_CODE = YES;
				CLANG_WARN__DUPLICATE_METHOD_MATCH = YES;
				COPY_PHASE_STRIP = NO;
				DEBUG_INFORMATION_FORMAT = dwarf;
				ENABLE_STRICT_OBJC_MSGSEND = YES;
				ENABLE_TESTABILITY = YES;
				GCC_C_LANGUAGE_STANDARD = gnu11;
				GCC_DYNAMIC_NO_PIC = NO;
				GCC_NO_COMMON_BLOCKS = YES;
				GCC_OPTIMIZATION_LEVEL = 0;
				GCC_PREPROCESSOR_DEFINITIONS = (
					"DEBUG=1",
					"$(inherited)",
				);
				GCC_WARN_64_TO_32_BIT_CONVERSION = YES;
				GCC_WARN_ABOUT_RETURN_TYPE = YES_ERROR;
				GCC_WARN_UNDECLARED_SELECTOR = YES;
				GCC_WARN_UNINITIALIZED_AUTOS = YES_AGGRESSIVE;
				GCC_WARN_UNUSED_FUNCTION = YES;
				GCC_WARN_UNUSED_VARIABLE = YES;
				IPHONEOS_DEPLOYMENT_TARGET = 15.0;
				MTL_ENABLE_DEBUG_INFO = INCLUDE_SOURCE;
				MTL_FAST_MATH = YES;
				ONLY_ACTIVE_ARCH = YES;
				SDKROOT = iphoneos;
				SWIFT_ACTIVE_COMPILATION_CONDITIONS = DEBUG;
				SWIFT_OPTIMIZATION_LEVEL = "-Onone";
			};
			name = Debug;
		};
		1580670D274F5AB00074626F /* Release */ = {
			isa = XCBuildConfiguration;
			buildSettings = {
				ALWAYS_SEARCH_USER_PATHS = NO;
				CLANG_ANALYZER_NONNULL = YES;
				CLANG_ANALYZER_NUMBER_OBJECT_CONVERSION = YES_AGGRESSIVE;
				CLANG_CXX_LANGUAGE_STANDARD = "gnu++17";
				CLANG_CXX_LIBRARY = "libc++";
				CLANG_ENABLE_MODULES = YES;
				CLANG_ENABLE_OBJC_ARC = YES;
				CLANG_ENABLE_OBJC_WEAK = YES;
				CLANG_WARN_BLOCK_CAPTURE_AUTORELEASING = YES;
				CLANG_WARN_BOOL_CONVERSION = YES;
				CLANG_WARN_COMMA = YES;
				CLANG_WARN_CONSTANT_CONVERSION = YES;
				CLANG_WARN_DEPRECATED_OBJC_IMPLEMENTATIONS = YES;
				CLANG_WARN_DIRECT_OBJC_ISA_USAGE = YES_ERROR;
				CLANG_WARN_DOCUMENTATION_COMMENTS = YES;
				CLANG_WARN_EMPTY_BODY = YES;
				CLANG_WARN_ENUM_CONVERSION = YES;
				CLANG_WARN_INFINITE_RECURSION = YES;
				CLANG_WARN_INT_CONVERSION = YES;
				CLANG_WARN_NON_LITERAL_NULL_CONVERSION = YES;
				CLANG_WARN_OBJC_IMPLICIT_RETAIN_SELF = YES;
				CLANG_WARN_OBJC_LITERAL_CONVERSION = YES;
				CLANG_WARN_OBJC_ROOT_CLASS = YES_ERROR;
				CLANG_WARN_QUOTED_INCLUDE_IN_FRAMEWORK_HEADER = YES;
				CLANG_WARN_RANGE_LOOP_ANALYSIS = YES;
				CLANG_WARN_STRICT_PROTOTYPES = YES;
				CLANG_WARN_SUSPICIOUS_MOVE = YES;
				CLANG_WARN_UNGUARDED_AVAILABILITY = YES_AGGRESSIVE;
				CLANG_WARN_UNREACHABLE_CODE = YES;
				CLANG_WARN__DUPLICATE_METHOD_MATCH = YES;
				COPY_PHASE_STRIP = NO;
				DEBUG_INFORMATION_FORMAT = "dwarf-with-dsym";
				ENABLE_NS_ASSERTIONS = NO;
				ENABLE_STRICT_OBJC_MSGSEND = YES;
				GCC_C_LANGUAGE_STANDARD = gnu11;
				GCC_NO_COMMON_BLOCKS = YES;
				GCC_WARN_64_TO_32_BIT_CONVERSION = YES;
				GCC_WARN_ABOUT_RETURN_TYPE = YES_ERROR;
				GCC_WARN_UNDECLARED_SELECTOR = YES;
				GCC_WARN_UNINITIALIZED_AUTOS = YES_AGGRESSIVE;
				GCC_WARN_UNUSED_FUNCTION = YES;
				GCC_WARN_UNUSED_VARIABLE = YES;
				IPHONEOS_DEPLOYMENT_TARGET = 15.0;
				MTL_ENABLE_DEBUG_INFO = NO;
				MTL_FAST_MATH = YES;
				SDKROOT = iphoneos;
				SWIFT_COMPILATION_MODE = wholemodule;
				SWIFT_OPTIMIZATION_LEVEL = "-O";
				VALIDATE_PRODUCT = YES;
			};
			name = Release;
		};
		1580670F274F5AB00074626F /* Debug */ = {
			isa = XCBuildConfiguration;
			buildSettings = {
				ASSETCATALOG_COMPILER_APPICON_NAME = AppIcon;
				ASSETCATALOG_COMPILER_GLOBAL_ACCENT_COLOR_NAME = AccentColor;
				CODE_SIGN_STYLE = Automatic;
				CURRENT_PROJECT_VERSION = 1;
				DEVELOPMENT_ASSET_PATHS = "\"Demo/Preview Content\"";
				ENABLE_PREVIEWS = YES;
				GENERATE_INFOPLIST_FILE = YES;
				INFOPLIST_KEY_UIApplicationSceneManifest_Generation = YES;
				INFOPLIST_KEY_UIApplicationSupportsIndirectInputEvents = YES;
				INFOPLIST_KEY_UILaunchScreen_Generation = YES;
				INFOPLIST_KEY_UISupportedInterfaceOrientations_iPad = "UIInterfaceOrientationPortrait UIInterfaceOrientationPortraitUpsideDown UIInterfaceOrientationLandscapeLeft UIInterfaceOrientationLandscapeRight";
				INFOPLIST_KEY_UISupportedInterfaceOrientations_iPhone = "UIInterfaceOrientationPortrait UIInterfaceOrientationLandscapeLeft UIInterfaceOrientationLandscapeRight";
				LD_RUNPATH_SEARCH_PATHS = (
					"$(inherited)",
					"@executable_path/Frameworks",
				);
				MARKETING_VERSION = 1.0;
				PRODUCT_BUNDLE_IDENTIFIER = com.anbusekar.Demo;
				PRODUCT_NAME = "$(TARGET_NAME)";
				SWIFT_EMIT_LOC_STRINGS = YES;
				SWIFT_VERSION = 5.0;
				TARGETED_DEVICE_FAMILY = "1,2";
			};
			name = Debug;
		};
		15806710274F5AB00074626F /* Release */ = {
			isa = XCBuildConfiguration;
			buildSettings = {
				ASSETCATALOG_COMPILER_APPICON_NAME = AppIcon;
				ASSETCATALOG_COMPILER_GLOBAL_ACCENT_COLOR_NAME = AccentColor;
				CODE_SIGN_STYLE = Automatic;
				CURRENT_PROJECT_VERSION = 1;
				DEVELOPMENT_ASSET_PATHS = "\"Demo/Preview Content\"";
				ENABLE_PREVIEWS = YES;
				GENERATE_INFOPLIST_FILE = YES;
				INFOPLIST_KEY_UIApplicationSceneManifest_Generation = YES;
				INFOPLIST_KEY_UIApplicationSupportsIndirectInputEvents = YES;
				INFOPLIST_KEY_UILaunchScreen_Generation = YES;
				INFOPLIST_KEY_UISupportedInterfaceOrientations_iPad = "UIInterfaceOrientationPortrait UIInterfaceOrientationPortraitUpsideDown UIInterfaceOrientationLandscapeLeft UIInterfaceOrientationLandscapeRight";
				INFOPLIST_KEY_UISupportedInterfaceOrientations_iPhone = "UIInterfaceOrientationPortrait UIInterfaceOrientationLandscapeLeft UIInterfaceOrientationLandscapeRight";
				LD_RUNPATH_SEARCH_PATHS = (
					"$(inherited)",
					"@executable_path/Frameworks",
				);
				MARKETING_VERSION = 1.0;
				PRODUCT_BUNDLE_IDENTIFIER = com.anbusekar.Demo;
				PRODUCT_NAME = "$(TARGET_NAME)";
				SWIFT_EMIT_LOC_STRINGS = YES;
				SWIFT_VERSION = 5.0;
				TARGETED_DEVICE_FAMILY = "1,2";
			};
			name = Release;
		};
		15806712274F5AB00074626F /* Debug */ = {
			isa = XCBuildConfiguration;
			buildSettings = {
				ALWAYS_EMBED_SWIFT_STANDARD_LIBRARIES = YES;
				BUNDLE_LOADER = "$(TEST_HOST)";
				CODE_SIGN_STYLE = Automatic;
				CURRENT_PROJECT_VERSION = 1;
				GENERATE_INFOPLIST_FILE = YES;
				IPHONEOS_DEPLOYMENT_TARGET = 15.0;
				LD_RUNPATH_SEARCH_PATHS = (
					"$(inherited)",
					"@executable_path/Frameworks",
					"@loader_path/Frameworks",
				);
				MARKETING_VERSION = 1.0;
				PRODUCT_BUNDLE_IDENTIFIER = com.anbusekar.DemoTests;
				PRODUCT_NAME = "$(TARGET_NAME)";
				SWIFT_EMIT_LOC_STRINGS = NO;
				SWIFT_VERSION = 5.0;
				TARGETED_DEVICE_FAMILY = "1,2";
				TEST_HOST = "$(BUILT_PRODUCTS_DIR)/Demo.app/Demo";
			};
			name = Debug;
		};
		15806713274F5AB00074626F /* Release */ = {
			isa = XCBuildConfiguration;
			buildSettings = {
				ALWAYS_EMBED_SWIFT_STANDARD_LIBRARIES = YES;
				BUNDLE_LOADER = "$(TEST_HOST)";
				CODE_SIGN_STYLE = Automatic;
				CURRENT_PROJECT_VERSION = 1;
				GENERATE_INFOPLIST_FILE = YES;
				IPHONEOS_DEPLOYMENT_TARGET = 15.0;
				LD_RUNPATH_SEARCH_PATHS = (
					"$(inherited)",
					"@executable_path/Frameworks",
					"@loader_path/Frameworks",
				);
				MARKETING_VERSION = 1.0;
				PRODUCT_BUNDLE_IDENTIFIER = com.anbusekar.DemoTests;
				PRODUCT_NAME = "$(TARGET_NAME)";
				SWIFT_EMIT_LOC_STRINGS = NO;
				SWIFT_VERSION = 5.0;
				TARGETED_DEVICE_FAMILY = "1,2";
				TEST_HOST = "$(BUILT_PRODUCTS_DIR)/Demo.app/Demo";
			};
			name = Release;
		};
		15806715274F5AB00074626F /* Debug */ = {
			isa = XCBuildConfiguration;
			buildSettings = {
				ALWAYS_EMBED_SWIFT_STANDARD_LIBRARIES = YES;
				CODE_SIGN_STYLE = Automatic;
				CURRENT_PROJECT_VERSION = 1;
				GENERATE_INFOPLIST_FILE = YES;
				LD_RUNPATH_SEARCH_PATHS = (
					"$(inherited)",
					"@executable_path/Frameworks",
					"@loader_path/Frameworks",
				);
				MARKETING_VERSION = 1.0;
				PRODUCT_BUNDLE_IDENTIFIER = com.anbusekar.DemoUITests;
				PRODUCT_NAME = "$(TARGET_NAME)";
				SWIFT_EMIT_LOC_STRINGS = NO;
				SWIFT_VERSION = 5.0;
				TARGETED_DEVICE_FAMILY = "1,2";
				TEST_TARGET_NAME = Demo;
			};
			name = Debug;
		};
		15806716274F5AB00074626F /* Release */ = {
			isa = XCBuildConfiguration;
			buildSettings = {
				ALWAYS_EMBED_SWIFT_STANDARD_LIBRARIES = YES;
				CODE_SIGN_STYLE = Automatic;
				CURRENT_PROJECT_VERSION = 1;
				GENERATE_INFOPLIST_FILE = YES;
				LD_RUNPATH_SEARCH_PATHS = (
					"$(inherited)",
					"@executable_path/Frameworks",
					"@loader_path/Frameworks",
				);
				MARKETING_VERSION = 1.0;
				PRODUCT_BUNDLE_IDENTIFIER = com.anbusekar.DemoUITests;
				PRODUCT_NAME = "$(TARGET_NAME)";
				SWIFT_EMIT_LOC_STRINGS = NO;
				SWIFT_VERSION = 5.0;
				TARGETED_DEVICE_FAMILY = "1,2";
				TEST_TARGET_NAME = Demo;
			};
			name = Release;
		};
/* End XCBuildConfiguration section */

/* Begin XCConfigurationList section */
		158066E0274F5AAC0074626F /* Build configuration list for PBXProject "Demo" */ = {
			isa = XCConfigurationList;
			buildConfigurations = (
				1580670C274F5AB00074626F /* Debug */,
				1580670D274F5AB00074626F /* Release */,
			);
			defaultConfigurationIsVisible = 0;
			defaultConfigurationName = Release;
		};
		1580670E274F5AB00074626F /* Build configuration list for PBXNativeTarget "Demo" */ = {
			isa = XCConfigurationList;
			buildConfigurations = (
				1580670F274F5AB00074626F /* Debug */,
				15806710274F5AB00074626F /* Release */,
			);
			defaultConfigurationIsVisible = 0;
			defaultConfigurationName = Release;
		};
		15806711274F5AB00074626F /* Build configuration list for PBXNativeTarget "DemoTests" */ = {
			isa = XCConfigurationList;
			buildConfigurations = (
				15806712274F5AB00074626F /* Debug */,
				15806713274F5AB00074626F /* Release */,
			);
			defaultConfigurationIsVisible = 0;
			defaultConfigurationName = Release;
		};
		15806714274F5AB00074626F /* Build configuration list for PBXNativeTarget "DemoUITests" */ = {
			isa = XCConfigurationList;
			buildConfigurations = (
				15806715274F5AB00074626F /* Debug */,
				15806716274F5AB00074626F /* Release */,
			);
			defaultConfigurationIsVisible = 0;
			defaultConfigurationName = Release;
		};
/* End XCConfigurationList section */

/* Begin XCVersionGroup section */
		158066F3274F5AB00074626F /* Demo.xcdatamodeld */ = {
			isa = XCVersionGroup;
			children = (
				158066F4274F5AB00074626F /* Demo.xcdatamodel */,
			);
			currentVersion = 158066F4274F5AB00074626F /* Demo.xcdatamodel */;
			path = Demo.xcdatamodeld;
			sourceTree = "<group>";
			versionGroupType = wrapper.xcdatamodel;
		};
/* End XCVersionGroup section */
	};
	rootObject = 158066DD274F5AAC0074626F /* Project object */;
}
